
Microsoft Visual Studio Solution File, Format Version 12.00
# Visual Studio 15
VisualStudioVersion = 15.0.28010.2041
MinimumVisualStudioVersion = 10.0.40219.1
Project("{FAE04EC0-301F-11D3-BF4B-00C04F79EFBC}") = "hafta-2.8", "hafta-2.8\hafta-2.8.csproj", "{89781A45-515F-4DE0-A266-6C9D6A9CFC16}"
EndProject
Global
	GlobalSection(SolutionConfigurationPlatforms) = preSolution
		Debug|Any CPU = Debug|Any CPU
		Release|Any CPU = Release|Any CPU
	EndGlobalSection
	GlobalSection(ProjectConfigurationPlatforms) = postSolution
		{89781A45-515F-4DE0-A266-6C9D6A9CFC16}.Debug|Any CPU.ActiveCfg = Debug|Any CPU
		{89781A45-515F-4DE0-A266-6C9D6A9CFC16}.Debug|Any CPU.Build.0 = Debug|Any CPU
		{89781A45-515F-4DE0-A266-6C9D6A9CFC16}.Release|Any CPU.ActiveCfg = Release|Any CPU
		{89781A45-515F-4DE0-A266-6C9D6A9CFC16}.Release|Any CPU.Build.0 = Release|Any CPU
	EndGlobalSection
	GlobalSection(SolutionProperties) = preSolution
		HideSolutionNode = FALSE
	EndGlobalSection
	GlobalSection(ExtensibilityGlobals) = postSolution
		SolutionGuid = {B0C40C4F-9B18-43C5-BE56-3799EE404FEF}
	EndGlobalSection
EndGlobal
