
Microsoft Visual Studio Solution File, Format Version 12.00
# Visual Studio 15
VisualStudioVersion = 15.0.28010.2041
MinimumVisualStudioVersion = 10.0.40219.1
Project("{FAE04EC0-301F-11D3-BF4B-00C04F79EFBC}") = "hafta-2.3", "hafta-2.3\hafta-2.3.csproj", "{E3B2A1C4-014A-4029-8B68-8E7D4699CB12}"
EndProject
Global
	GlobalSection(SolutionConfigurationPlatforms) = preSolution
		Debug|Any CPU = Debug|Any CPU
		Release|Any CPU = Release|Any CPU
	EndGlobalSection
	GlobalSection(ProjectConfigurationPlatforms) = postSolution
		{E3B2A1C4-014A-4029-8B68-8E7D4699CB12}.Debug|Any CPU.ActiveCfg = Debug|Any CPU
		{E3B2A1C4-014A-4029-8B68-8E7D4699CB12}.Debug|Any CPU.Build.0 = Debug|Any CPU
		{E3B2A1C4-014A-4029-8B68-8E7D4699CB12}.Release|Any CPU.ActiveCfg = Release|Any CPU
		{E3B2A1C4-014A-4029-8B68-8E7D4699CB12}.Release|Any CPU.Build.0 = Release|Any CPU
	EndGlobalSection
	GlobalSection(SolutionProperties) = preSolution
		HideSolutionNode = FALSE
	EndGlobalSection
	GlobalSection(ExtensibilityGlobals) = postSolution
		SolutionGuid = {25B00523-9CBB-4271-9A23-621957540E9B}
	EndGlobalSection
EndGlobal
