
Microsoft Visual Studio Solution File, Format Version 12.00
# Visual Studio 15
VisualStudioVersion = 15.0.28010.2041
MinimumVisualStudioVersion = 10.0.40219.1
Project("{FAE04EC0-301F-11D3-BF4B-00C04F79EFBC}") = "hafta-2.4", "hafta-2.4\hafta-2.4.csproj", "{614F7E1D-0CBE-421B-B39C-DFEC2D0FF53B}"
EndProject
Global
	GlobalSection(SolutionConfigurationPlatforms) = preSolution
		Debug|Any CPU = Debug|Any CPU
		Release|Any CPU = Release|Any CPU
	EndGlobalSection
	GlobalSection(ProjectConfigurationPlatforms) = postSolution
		{614F7E1D-0CBE-421B-B39C-DFEC2D0FF53B}.Debug|Any CPU.ActiveCfg = Debug|Any CPU
		{614F7E1D-0CBE-421B-B39C-DFEC2D0FF53B}.Debug|Any CPU.Build.0 = Debug|Any CPU
		{614F7E1D-0CBE-421B-B39C-DFEC2D0FF53B}.Release|Any CPU.ActiveCfg = Release|Any CPU
		{614F7E1D-0CBE-421B-B39C-DFEC2D0FF53B}.Release|Any CPU.Build.0 = Release|Any CPU
	EndGlobalSection
	GlobalSection(SolutionProperties) = preSolution
		HideSolutionNode = FALSE
	EndGlobalSection
	GlobalSection(ExtensibilityGlobals) = postSolution
		SolutionGuid = {CDDB7F32-1E32-44BB-B16F-AA2DEF8EFC1D}
	EndGlobalSection
EndGlobal
